
Microsoft Visual Studio Solution File, Format Version 12.00
# Visual Studio 2015
Project("{FAE04EC0-301F-11D3-BF4B-00C04F79EFBC}") = "CatTraveller.CSharp", "CatTraveller.CSharp.csproj", "{8180C371-35AD-F809-387C-D426694F84FA}"
EndProject
Project("{FAE04EC0-301F-11D3-BF4B-00C04F79EFBC}") = "CatTraveller.CSharp.Editor", "CatTraveller.CSharp.Editor.csproj", "{95C21493-681C-265E-99AC-F107441769CB}"
EndProject
Global
	GlobalSection(SolutionConfigurationPlatforms) = preSolution
		Debug|Any CPU = Debug|Any CPU
		Release|Any CPU = Release|Any CPU
	EndGlobalSection
	GlobalSection(ProjectConfigurationPlatforms) = postSolution
		{8180C371-35AD-F809-387C-D426694F84FA}.Debug|Any CPU.ActiveCfg = Debug|Any CPU
		{8180C371-35AD-F809-387C-D426694F84FA}.Debug|Any CPU.Build.0 = Debug|Any CPU
		{8180C371-35AD-F809-387C-D426694F84FA}.Release|Any CPU.ActiveCfg = Release|Any CPU
		{8180C371-35AD-F809-387C-D426694F84FA}.Release|Any CPU.Build.0 = Release|Any CPU
		{95C21493-681C-265E-99AC-F107441769CB}.Debug|Any CPU.ActiveCfg = Debug|Any CPU
		{95C21493-681C-265E-99AC-F107441769CB}.Debug|Any CPU.Build.0 = Debug|Any CPU
		{95C21493-681C-265E-99AC-F107441769CB}.Release|Any CPU.ActiveCfg = Release|Any CPU
		{95C21493-681C-265E-99AC-F107441769CB}.Release|Any CPU.Build.0 = Release|Any CPU
	EndGlobalSection
	GlobalSection(SolutionProperties) = preSolution
		HideSolutionNode = FALSE
	EndGlobalSection
EndGlobal
